
Microsoft Visual Studio Solution File, Format Version 12.00
# Visual Studio Version 17
VisualStudioVersion = 17.9.34902.65
MinimumVisualStudioVersion = 10.0.40219.1
Project("{FAE04EC0-301F-11D3-BF4B-00C04F79EFBC}") = "01", "01\01.csproj", "{DD80A383-0B66-4A96-A0AD-963CF9838EA9}"
EndProject
Project("{FAE04EC0-301F-11D3-BF4B-00C04F79EFBC}") = "02", "02\02.csproj", "{624473A8-055A-49BE-83FA-69184EEC1110}"
EndProject
Project("{FAE04EC0-301F-11D3-BF4B-00C04F79EFBC}") = "03", "03\03.csproj", "{E1FABE3E-1845-418D-A4D4-F826853581CE}"
EndProject
Global
	GlobalSection(SolutionConfigurationPlatforms) = preSolution
		Debug|Any CPU = Debug|Any CPU
		Release|Any CPU = Release|Any CPU
	EndGlobalSection
	GlobalSection(ProjectConfigurationPlatforms) = postSolution
		{DD80A383-0B66-4A96-A0AD-963CF9838EA9}.Debug|Any CPU.ActiveCfg = Debug|Any CPU
		{DD80A383-0B66-4A96-A0AD-963CF9838EA9}.Debug|Any CPU.Build.0 = Debug|Any CPU
		{DD80A383-0B66-4A96-A0AD-963CF9838EA9}.Release|Any CPU.ActiveCfg = Release|Any CPU
		{DD80A383-0B66-4A96-A0AD-963CF9838EA9}.Release|Any CPU.Build.0 = Release|Any CPU
		{624473A8-055A-49BE-83FA-69184EEC1110}.Debug|Any CPU.ActiveCfg = Debug|Any CPU
		{624473A8-055A-49BE-83FA-69184EEC1110}.Debug|Any CPU.Build.0 = Debug|Any CPU
		{624473A8-055A-49BE-83FA-69184EEC1110}.Release|Any CPU.ActiveCfg = Release|Any CPU
		{624473A8-055A-49BE-83FA-69184EEC1110}.Release|Any CPU.Build.0 = Release|Any CPU
		{E1FABE3E-1845-418D-A4D4-F826853581CE}.Debug|Any CPU.ActiveCfg = Debug|Any CPU
		{E1FABE3E-1845-418D-A4D4-F826853581CE}.Debug|Any CPU.Build.0 = Debug|Any CPU
		{E1FABE3E-1845-418D-A4D4-F826853581CE}.Release|Any CPU.ActiveCfg = Release|Any CPU
		{E1FABE3E-1845-418D-A4D4-F826853581CE}.Release|Any CPU.Build.0 = Release|Any CPU
	EndGlobalSection
	GlobalSection(SolutionProperties) = preSolution
		HideSolutionNode = FALSE
	EndGlobalSection
	GlobalSection(ExtensibilityGlobals) = postSolution
		SolutionGuid = {A1254C74-AD00-480D-BD72-72BAE05099D7}
	EndGlobalSection
EndGlobal
